<?xml version="1.0"?>
<CONFIG>
  <ProjectOptions>
    <Version Value="9"/>
    <PathDelim Value="\"/>
    <General>
      <MainUnit Value="0"/>
      <ResourceType Value="res"/>
      <UseXPManifest Value="True"/>
      <Icon Value="0"/>
      <ActiveWindowIndexAtStart Value="0"/>
    </General>
    <i18n>
      <EnableI18N LFM="False"/>
    </i18n>
    <VersionInfo>
      <StringTable ProductVersion=""/>
    </VersionInfo>
    <BuildModes Count="1" Active="Default">
      <Item1 Name="Default" Default="True"/>
    </BuildModes>
    <PublishOptions>
      <Version Value="2"/>
      <IncludeFileFilter Value="*.(pas|pp|inc|lfm|lpr|lrs|lpi|lpk|sh|xml)"/>
      <ExcludeFileFilter Value="*.(bak|ppu|o|so);*~;backup"/>
    </PublishOptions>
    <RunParams>
      <local>
        <FormatVersion Value="1"/>
      </local>
    </RunParams>
    <RequiredPackages Count="2">
      <Item1>
        <PackageName Value="zexmlsslib"/>
        <MinVersion Release="3" Valid="True"/>
      </Item1>
      <Item2>
        <PackageName Value="LCL"/>
      </Item2>
    </RequiredPackages>
    <Units Count="17">
      <Unit0>
        <Filename Value="project1.lpr"/>
        <IsPartOfProject Value="True"/>
        <UnitName Value="project1"/>
        <WindowIndex Value="0"/>
        <TopLine Value="1"/>
        <CursorPos X="31" Y="10"/>
        <UsageCount Value="24"/>
      </Unit0>
      <Unit1>
        <Filename Value="unit1.pas"/>
        <IsPartOfProject Value="True"/>
        <ComponentName Value="Form1"/>
        <HasResources Value="True"/>
        <ResourceBaseClass Value="Form"/>
        <UnitName Value="Unit1"/>
        <WindowIndex Value="0"/>
        <TopLine Value="246"/>
        <CursorPos X="1" Y="250"/>
        <UsageCount Value="24"/>
        <Bookmarks Count="1">
          <Item0 X="110" Y="252" ID="2"/>
        </Bookmarks>
      </Unit1>
      <Unit2>
        <Filename Value="D:\lang\lazarus\lcl\include\control.inc"/>
        <WindowIndex Value="0"/>
        <TopLine Value="3171"/>
        <CursorPos X="21" Y="3193"/>
        <UsageCount Value="10"/>
      </Unit2>
      <Unit3>
        <Filename Value="..\..\..\src\zsspxml.pas"/>
        <UnitName Value="zsspxml"/>
        <IsVisibleTab Value="True"/>
        <EditorIndex Value="0"/>
        <WindowIndex Value="0"/>
        <TopLine Value="498"/>
        <CursorPos X="42" Y="526"/>
        <UsageCount Value="10"/>
        <Loaded Value="True"/>
      </Unit3>
      <Unit4>
        <Filename Value="..\..\..\src\zexslx.pas"/>
        <UnitName Value="zexslx"/>
        <WindowIndex Value="0"/>
        <TopLine Value="4728"/>
        <CursorPos X="36" Y="4747"/>
        <UsageCount Value="11"/>
      </Unit4>
      <Unit5>
        <Filename Value="..\..\..\src\zeZippy.pas"/>
        <IsPartOfProject Value="True"/>
        <UnitName Value="zeZippy"/>
        <WindowIndex Value="0"/>
        <TopLine Value="352"/>
        <CursorPos X="1" Y="366"/>
        <UsageCount Value="22"/>
      </Unit5>
      <Unit6>
        <Filename Value="..\..\..\src\zesavecommon.pas"/>
        <UnitName Value="zesavecommon"/>
        <WindowIndex Value="0"/>
        <TopLine Value="440"/>
        <CursorPos X="1" Y="474"/>
        <UsageCount Value="10"/>
      </Unit6>
      <Unit7>
        <Filename Value="..\..\..\src\zeZippyLazip.pp"/>
        <IsPartOfProject Value="True"/>
        <UnitName Value="zeZippyLazip"/>
        <WindowIndex Value="0"/>
        <TopLine Value="49"/>
        <CursorPos X="22" Y="77"/>
        <UsageCount Value="23"/>
      </Unit7>
      <Unit8>
        <Filename Value="..\..\..\src\zeZippyXE2.pas"/>
        <IsPartOfProject Value="True"/>
        <UnitName Value="zeZippyXE2"/>
        <WindowIndex Value="0"/>
        <TopLine Value="1"/>
        <CursorPos X="44" Y="8"/>
        <UsageCount Value="22"/>
      </Unit8>
      <Unit9>
        <Filename Value="C:\codetyphon\fpcsrc\packages\paszlib\src\zipper.pp"/>
        <UnitName Value="zipper"/>
        <WindowIndex Value="0"/>
        <TopLine Value="294"/>
        <CursorPos X="5" Y="313"/>
        <UsageCount Value="20"/>
      </Unit9>
      <Unit10>
        <Filename Value="C:\codetyphon\lazarus\lcl\include\control.inc"/>
        <WindowIndex Value="0"/>
        <TopLine Value="2700"/>
        <CursorPos X="1" Y="2719"/>
        <UsageCount Value="10"/>
      </Unit10>
      <Unit11>
        <Filename Value="C:\codetyphon\lazarus\lcl\include\buttoncontrol.inc"/>
        <WindowIndex Value="0"/>
        <TopLine Value="38"/>
        <CursorPos X="1" Y="57"/>
        <UsageCount Value="10"/>
      </Unit11>
      <Unit12>
        <Filename Value="..\..\..\src\zeSave.pas"/>
        <IsPartOfProject Value="True"/>
        <UnitName Value="zeSave"/>
        <WindowIndex Value="0"/>
        <TopLine Value="312"/>
        <CursorPos X="1" Y="328"/>
        <UsageCount Value="22"/>
      </Unit12>
      <Unit13>
        <Filename Value="..\..\..\src\zeSaveEXML.pas"/>
        <IsPartOfProject Value="True"/>
        <UnitName Value="zeSaveEXML"/>
        <WindowIndex Value="0"/>
        <TopLine Value="16"/>
        <CursorPos X="1" Y="25"/>
        <UsageCount Value="22"/>
      </Unit13>
      <Unit14>
        <Filename Value="..\..\..\src\zeSaveODS.pas"/>
        <IsPartOfProject Value="True"/>
        <UnitName Value="zeSaveODS"/>
        <WindowIndex Value="0"/>
        <TopLine Value="24"/>
        <CursorPos X="1" Y="39"/>
        <UsageCount Value="22"/>
      </Unit14>
      <Unit15>
        <Filename Value="..\..\..\src\zeSaveXLSX.pas"/>
        <IsPartOfProject Value="True"/>
        <UnitName Value="zeSaveXLSX"/>
        <UsageCount Value="22"/>
      </Unit15>
      <Unit16>
        <Filename Value="..\..\..\src\zexmlssutils.pas"/>
        <UnitName Value="zexmlssutils"/>
        <WindowIndex Value="0"/>
        <TopLine Value="110"/>
        <CursorPos X="1" Y="129"/>
        <UsageCount Value="10"/>
      </Unit16>
    </Units>
    <JumpHistory Count="0" HistoryIndex="-1"/>
  </ProjectOptions>
  <CompilerOptions>
    <Version Value="11"/>
    <PathDelim Value="\"/>
    <Target>
      <Filename Value="project1"/>
    </Target>
    <SearchPaths>
      <IncludeFiles Value="$(ProjOutDir)"/>
      <OtherUnitFiles Value="..\..\..\src"/>
      <UnitOutputDirectory Value="lib\$(TargetCPU)-$(TargetOS)"/>
    </SearchPaths>
    <CodeGeneration>
      <SmartLinkUnit Value="True"/>
    </CodeGeneration>
    <Linking>
      <Debugging>
        <StripSymbols Value="True"/>
        <UseExternalDbgSyms Value="True"/>
      </Debugging>
      <LinkSmart Value="True"/>
      <Options>
        <Win32>
          <GraphicApplication Value="True"/>
        </Win32>
      </Options>
    </Linking>
    <Other>
      <CompilerMessages>
        <UseMsgFile Value="True"/>
      </CompilerMessages>
      <CompilerPath Value="$(CompPath)"/>
    </Other>
  </CompilerOptions>
  <Debugging>
    <BreakPoints Count="1">
      <Item1>
        <Kind Value="bpkSource"/>
        <WatchScope Value="wpsLocal"/>
        <WatchKind Value="wpkWrite"/>
        <Source Value="unit1.pas"/>
        <Line Value="250"/>
      </Item1>
    </BreakPoints>
    <Watches Count="3">
      <Item1>
        <Expression Value="L"/>
      </Item1>
      <Item2>
        <Expression Value="Result[i]"/>
      </Item2>
      <Item3>
        <Expression Value="result"/>
      </Item3>
    </Watches>
    <Exceptions Count="3">
      <Item1>
        <Name Value="EAbort"/>
      </Item1>
      <Item2>
        <Name Value="ECodetoolError"/>
      </Item2>
      <Item3>
        <Name Value="EFOpenError"/>
      </Item3>
    </Exceptions>
  </Debugging>
  <EditorMacros Count="0"/>
</CONFIG>
